{
	"name": "ethereum-scripts-2",
	"version": "1.0.0",
	"lockfileVersion": 2,
	"requires": true,
	"packages": {
		"": {
			"name": "ethereum-scripts-2",
			"version": "1.0.0",
			"license": "Unlicense",
			"dependencies": {
				"@noble/hashes": "1.1.1",
				"@noble/secp256k1": "1.6.0",
				"@scure/bip32": "1.1.0",
				"@scure/bip39": "1.1.0",
				"@zoltu/ethereum-abi-encoder": "5.0.4",
				"@zoltu/rlp-encoder": "2.0.6",
				"micro-eth-signer": "0.4.7",
				"node-fetch": "3.2.10"
			},
			"devDependencies": {
				"@zoltu/typescript-transformer-append-js-extension": "1.0.1",
				"ts-node": "10.8.1",
				"ttypescript": "1.5.13",
				"typescript": "4.7.3"
			}
		},
		"node_modules/@cspotcode/source-map-support": {
			"version": "0.8.1",
			"resolved": "https://registry.npmjs.org/@cspotcode/source-map-support/-/source-map-support-0.8.1.tgz",
			"integrity": "sha512-IchNf6dN4tHoMFIn/7OE8LWZ19Y6q/67Bmf6vnGREv8RSbBVb9LPJxEcnwrcwX6ixSvaiGoomAUvu4YSxXrVgw==",
			"dev": true,
			"dependencies": {
				"@jridgewell/trace-mapping": "0.3.9"
			},
			"engines": {
				"node": ">=12"
			}
		},
		"node_modules/@jridgewell/resolve-uri": {
			"version": "3.0.7",
			"resolved": "https://registry.npmjs.org/@jridgewell/resolve-uri/-/resolve-uri-3.0.7.tgz",
			"integrity": "sha512-8cXDaBBHOr2pQ7j77Y6Vp5VDT2sIqWyWQ56TjEq4ih/a4iST3dItRe8Q9fp0rrIl9DoKhWQtUQz/YpOxLkXbNA==",
			"dev": true,
			"engines": {
				"node": ">=6.0.0"
			}
		},
		"node_modules/@jridgewell/sourcemap-codec": {
			"version": "1.4.13",
			"resolved": "https://registry.npmjs.org/@jridgewell/sourcemap-codec/-/sourcemap-codec-1.4.13.tgz",
			"integrity": "sha512-GryiOJmNcWbovBxTfZSF71V/mXbgcV3MewDe3kIMCLyIh5e7SKAeUZs+rMnJ8jkMolZ/4/VsdBmMrw3l+VdZ3w==",
			"dev": true
		},
		"node_modules/@jridgewell/trace-mapping": {
			"version": "0.3.9",
			"resolved": "https://registry.npmjs.org/@jridgewell/trace-mapping/-/trace-mapping-0.3.9.tgz",
			"integrity": "sha512-3Belt6tdc8bPgAtbcmdtNJlirVoTmEb5e2gC94PnkwEW9jI6CAHUeoG85tjWP5WquqfavoMtMwiG4P926ZKKuQ==",
			"dev": true,
			"dependencies": {
				"@jridgewell/resolve-uri": "^3.0.3",
				"@jridgewell/sourcemap-codec": "^1.4.10"
			}
		},
		"node_modules/@noble/hashes": {
			"version": "1.1.1",
			"resolved": "https://registry.npmjs.org/@noble/hashes/-/hashes-1.1.1.tgz",
			"integrity": "sha512-Lkp9+NijmV7eSVZqiUvt3UCuuHeJpUVmRrvh430gyJjJiuJMqkeHf6/A9lQ/smmbWV/0spDeJscscPzyB4waZg==",
			"funding": [
				{
					"type": "individual",
					"url": "https://paulmillr.com/funding/"
				}
			]
		},
		"node_modules/@noble/secp256k1": {
			"version": "1.6.0",
			"resolved": "https://registry.npmjs.org/@noble/secp256k1/-/secp256k1-1.6.0.tgz",
			"integrity": "sha512-DWSsg8zMHOYMYBqIQi96BQuthZrp98LCeMNcUOaffCIVYQ5yxDbNikLF+H7jEnmNNmXbtVic46iCuVWzar+MgA==",
			"funding": [
				{
					"type": "individual",
					"url": "https://paulmillr.com/funding/"
				}
			]
		},
		"node_modules/@scure/base": {
			"version": "1.1.0",
			"resolved": "https://registry.npmjs.org/@scure/base/-/base-1.1.0.tgz",
			"integrity": "sha512-fJM8qIUzIDvZsWAj8psBGnR7hcTunIYsXI5Ulmj7I/jv9j9oqan/mg/UwB+ucYsA5ppIkBazFmsWdoi0+9qPtA==",
			"funding": [
				{
					"type": "individual",
					"url": "https://paulmillr.com/funding/"
				}
			]
		},
		"node_modules/@scure/bip32": {
			"version": "1.1.0",
			"resolved": "https://registry.npmjs.org/@scure/bip32/-/bip32-1.1.0.tgz",
			"integrity": "sha512-ftTW3kKX54YXLCxH6BB7oEEoJfoE2pIgw7MINKAs5PsS6nqKPuKk1haTF/EuHmYqG330t5GSrdmtRuHaY1a62Q==",
			"funding": [
				{
					"type": "individual",
					"url": "https://paulmillr.com/funding/"
				}
			],
			"dependencies": {
				"@noble/hashes": "~1.1.1",
				"@noble/secp256k1": "~1.6.0",
				"@scure/base": "~1.1.0"
			}
		},
		"node_modules/@scure/bip39": {
			"version": "1.1.0",
			"resolved": "https://registry.npmjs.org/@scure/bip39/-/bip39-1.1.0.tgz",
			"integrity": "sha512-pwrPOS16VeTKg98dYXQyIjJEcWfz7/1YJIwxUEPFfQPtc86Ym/1sVgQ2RLoD43AazMk2l/unK4ITySSpW2+82w==",
			"funding": [
				{
					"type": "individual",
					"url": "https://paulmillr.com/funding/"
				}
			],
			"dependencies": {
				"@noble/hashes": "~1.1.1",
				"@scure/base": "~1.1.0"
			}
		},
		"node_modules/@tsconfig/node10": {
			"version": "1.0.9",
			"resolved": "https://registry.npmjs.org/@tsconfig/node10/-/node10-1.0.9.tgz",
			"integrity": "sha512-jNsYVVxU8v5g43Erja32laIDHXeoNvFEpX33OK4d6hljo3jDhCBDhx5dhCCTMWUojscpAagGiRkBKxpdl9fxqA==",
			"dev": true
		},
		"node_modules/@tsconfig/node12": {
			"version": "1.0.10",
			"resolved": "https://registry.npmjs.org/@tsconfig/node12/-/node12-1.0.10.tgz",
			"integrity": "sha512-N+srakvPaYMGkwjNDx3ASx65Zl3QG8dJgVtIB+YMOkucU+zctlv/hdP5250VKdDHSDoW9PFZoCqbqNcAPjCjXA==",
			"dev": true
		},
		"node_modules/@tsconfig/node14": {
			"version": "1.0.2",
			"resolved": "https://registry.npmjs.org/@tsconfig/node14/-/node14-1.0.2.tgz",
			"integrity": "sha512-YwrUA5ysDXHFYfL0Xed9x3sNS4P+aKlCOnnbqUa2E5HdQshHFleCJVrj1PlGTb4GgFUCDyte1v3JWLy2sz8Oqg==",
			"dev": true
		},
		"node_modules/@tsconfig/node16": {
			"version": "1.0.3",
			"resolved": "https://registry.npmjs.org/@tsconfig/node16/-/node16-1.0.3.tgz",
			"integrity": "sha512-yOlFc+7UtL/89t2ZhjPvvB/DeAr3r+Dq58IgzsFkOAvVC6NMJXmCGjbptdXdR9qsX7pKcTL+s87FtYREi2dEEQ==",
			"dev": true
		},
		"node_modules/@types/node": {
			"version": "17.0.42",
			"resolved": "https://registry.npmjs.org/@types/node/-/node-17.0.42.tgz",
			"integrity": "sha512-Q5BPGyGKcvQgAMbsr7qEGN/kIPN6zZecYYABeTDBizOsau+2NMdSVTar9UQw21A2+JyA2KRNDYaYrPB0Rpk2oQ==",
			"dev": true,
			"peer": true
		},
		"node_modules/@zoltu/ethereum-abi-encoder": {
			"version": "5.0.4",
			"resolved": "https://registry.npmjs.org/@zoltu/ethereum-abi-encoder/-/ethereum-abi-encoder-5.0.4.tgz",
			"integrity": "sha512-HS9QiyqPinn17YyzHK+HbobCcfEyL5uQ3u4E2V0t5GgkMorJKTDhmoFD8r/Ir2KFZMimgT5SRNEuhLZnDhM3MA=="
		},
		"node_modules/@zoltu/rlp-encoder": {
			"version": "2.0.6",
			"resolved": "https://registry.npmjs.org/@zoltu/rlp-encoder/-/rlp-encoder-2.0.6.tgz",
			"integrity": "sha512-Cu6bqeavzzWdIdYLhiuWR+RulJnWi0bdZbI+sgm2pGIqdzpkJHO0YxExiwEpFBkWeDEr7mBof26Bh2toTCVBqg=="
		},
		"node_modules/@zoltu/typescript-transformer-append-js-extension": {
			"version": "1.0.1",
			"resolved": "https://registry.npmjs.org/@zoltu/typescript-transformer-append-js-extension/-/typescript-transformer-append-js-extension-1.0.1.tgz",
			"integrity": "sha512-7Lp30MtJO7YHZW19yJWhkuJrf+Y78COHopeZli7fiWrbIRvodsSXZIa7cFX/c4PFwFJt55N/7Pp/t6VH0fwBVQ==",
			"dev": true
		},
		"node_modules/acorn": {
			"version": "8.7.1",
			"resolved": "https://registry.npmjs.org/acorn/-/acorn-8.7.1.tgz",
			"integrity": "sha512-Xx54uLJQZ19lKygFXOWsscKUbsBZW0CPykPhVQdhIeIwrbPmJzqeASDInc8nKBnp/JT6igTs82qPXz069H8I/A==",
			"dev": true,
			"bin": {
				"acorn": "bin/acorn"
			},
			"engines": {
				"node": ">=0.4.0"
			}
		},
		"node_modules/acorn-walk": {
			"version": "8.2.0",
			"resolved": "https://registry.npmjs.org/acorn-walk/-/acorn-walk-8.2.0.tgz",
			"integrity": "sha512-k+iyHEuPgSw6SbuDpGQM+06HQUa04DZ3o+F6CSzXMvvI5KMvnaEqXe+YVe555R9nn6GPt404fos4wcgpw12SDA==",
			"dev": true,
			"engines": {
				"node": ">=0.4.0"
			}
		},
		"node_modules/arg": {
			"version": "4.1.3",
			"resolved": "https://registry.npmjs.org/arg/-/arg-4.1.3.tgz",
			"integrity": "sha512-58S9QDqG0Xx27YwPSt9fJxivjYl432YCwfDMfZ+71RAqUrZef7LrKQZ3LHLOwCS4FLNBplP533Zx895SeOCHvA==",
			"dev": true
		},
		"node_modules/create-require": {
			"version": "1.1.1",
			"resolved": "https://registry.npmjs.org/create-require/-/create-require-1.1.1.tgz",
			"integrity": "sha512-dcKFX3jn0MpIaXjisoRvexIJVEKzaq7z2rZKxf+MSr9TkdmHmsU4m2lcLojrj/FHl8mk5VxMmYA+ftRkP/3oKQ==",
			"dev": true
		},
		"node_modules/data-uri-to-buffer": {
			"version": "4.0.0",
			"resolved": "https://registry.npmjs.org/data-uri-to-buffer/-/data-uri-to-buffer-4.0.0.tgz",
			"integrity": "sha512-Vr3mLBA8qWmcuschSLAOogKgQ/Jwxulv3RNE4FXnYWRGujzrRWQI4m12fQqRkwX06C0KanhLr4hK+GydchZsaA==",
			"engines": {
				"node": ">= 12"
			}
		},
		"node_modules/diff": {
			"version": "4.0.2",
			"resolved": "https://registry.npmjs.org/diff/-/diff-4.0.2.tgz",
			"integrity": "sha512-58lmxKSA4BNyLz+HHMUzlOEpg09FV+ev6ZMe3vJihgdxzgcwZ8VoEEPmALCZG9LmqfVoNMMKpttIYTVG6uDY7A==",
			"dev": true,
			"engines": {
				"node": ">=0.3.1"
			}
		},
		"node_modules/fetch-blob": {
			"version": "3.1.5",
			"resolved": "https://registry.npmjs.org/fetch-blob/-/fetch-blob-3.1.5.tgz",
			"integrity": "sha512-N64ZpKqoLejlrwkIAnb9iLSA3Vx/kjgzpcDhygcqJ2KKjky8nCgUQ+dzXtbrLaWZGZNmNfQTsiQ0weZ1svglHg==",
			"funding": [
				{
					"type": "github",
					"url": "https://github.com/sponsors/jimmywarting"
				},
				{
					"type": "paypal",
					"url": "https://paypal.me/jimmywarting"
				}
			],
			"dependencies": {
				"node-domexception": "^1.0.0",
				"web-streams-polyfill": "^3.0.3"
			},
			"engines": {
				"node": "^12.20 || >= 14.13"
			}
		},
		"node_modules/formdata-polyfill": {
			"version": "4.0.10",
			"resolved": "https://registry.npmjs.org/formdata-polyfill/-/formdata-polyfill-4.0.10.tgz",
			"integrity": "sha512-buewHzMvYL29jdeQTVILecSaZKnt/RJWjoZCF5OW60Z67/GmSLBkOFM7qh1PI3zFNtJbaZL5eQu1vLfazOwj4g==",
			"dependencies": {
				"fetch-blob": "^3.1.2"
			},
			"engines": {
				"node": ">=12.20.0"
			}
		},
		"node_modules/function-bind": {
			"version": "1.1.1",
			"resolved": "https://registry.npmjs.org/function-bind/-/function-bind-1.1.1.tgz",
			"integrity": "sha512-yIovAzMX49sF8Yl58fSCWJ5svSLuaibPxXQJFLmBObTuCr0Mf1KiPopGM9NiFjiYBCbfaa2Fh6breQ6ANVTI0A==",
			"dev": true
		},
		"node_modules/has": {
			"version": "1.0.3",
			"resolved": "https://registry.npmjs.org/has/-/has-1.0.3.tgz",
			"integrity": "sha512-f2dvO0VU6Oej7RkWJGrehjbzMAjFp5/VKPp5tTpWIV4JHHZK1/BxbFRtf/siA2SWTe09caDmVtYYzWEIbBS4zw==",
			"dev": true,
			"dependencies": {
				"function-bind": "^1.1.1"
			},
			"engines": {
				"node": ">= 0.4.0"
			}
		},
		"node_modules/is-core-module": {
			"version": "2.9.0",
			"resolved": "https://registry.npmjs.org/is-core-module/-/is-core-module-2.9.0.tgz",
			"integrity": "sha512-+5FPy5PnwmO3lvfMb0AsoPaBG+5KHUI0wYFXOtYPnVVVspTFUuMZNfNaNVRt3FZadstu2c8x23vykRW/NBoU6A==",
			"dev": true,
			"dependencies": {
				"has": "^1.0.3"
			},
			"funding": {
				"url": "https://github.com/sponsors/ljharb"
			}
		},
		"node_modules/make-error": {
			"version": "1.3.6",
			"resolved": "https://registry.npmjs.org/make-error/-/make-error-1.3.6.tgz",
			"integrity": "sha512-s8UhlNe7vPKomQhC1qFelMokr/Sc3AgNbso3n74mVPA5LTZwkB9NlXf4XPamLxJE8h0gh73rM94xvwRT2CVInw==",
			"dev": true
		},
		"node_modules/micro-eth-signer": {
			"version": "0.4.7",
			"resolved": "https://registry.npmjs.org/micro-eth-signer/-/micro-eth-signer-0.4.7.tgz",
			"integrity": "sha512-NU7zZzTdMpKUZrYVDo4AH1YT/bltFXNnqN+5hW32AwsEhFrjM22KT2P+JgBrIPyuegS+GiERk6hYU4Cs7TpkyQ==",
			"dependencies": {
				"@noble/hashes": "~1.0.0",
				"@noble/secp256k1": "~1.5.2",
				"rlp": "3.0.0"
			}
		},
		"node_modules/micro-eth-signer/node_modules/@noble/hashes": {
			"version": "1.0.0",
			"resolved": "https://registry.npmjs.org/@noble/hashes/-/hashes-1.0.0.tgz",
			"integrity": "sha512-DZVbtY62kc3kkBtMHqwCOfXrT/hnoORy5BJ4+HU1IR59X0KWAOqsfzQPcUl/lQLlG7qXbe/fZ3r/emxtAl+sqg=="
		},
		"node_modules/micro-eth-signer/node_modules/@noble/secp256k1": {
			"version": "1.5.5",
			"resolved": "https://registry.npmjs.org/@noble/secp256k1/-/secp256k1-1.5.5.tgz",
			"integrity": "sha512-sZ1W6gQzYnu45wPrWx8D3kwI2/U29VYTx9OjbDAd7jwRItJ0cSTMPRL/C8AWZFn9kWFLQGqEXVEE86w4Z8LpIQ==",
			"funding": [
				{
					"type": "individual",
					"url": "https://paulmillr.com/funding/"
				}
			]
		},
		"node_modules/node-domexception": {
			"version": "1.0.0",
			"resolved": "https://registry.npmjs.org/node-domexception/-/node-domexception-1.0.0.tgz",
			"integrity": "sha512-/jKZoMpw0F8GRwl4/eLROPA3cfcXtLApP0QzLmUT/HuPCZWyB7IY9ZrMeKw2O/nFIqPQB3PVM9aYm0F312AXDQ==",
			"funding": [
				{
					"type": "github",
					"url": "https://github.com/sponsors/jimmywarting"
				},
				{
					"type": "github",
					"url": "https://paypal.me/jimmywarting"
				}
			],
			"engines": {
				"node": ">=10.5.0"
			}
		},
		"node_modules/node-fetch": {
			"version": "3.2.10",
			"resolved": "https://registry.npmjs.org/node-fetch/-/node-fetch-3.2.10.tgz",
			"integrity": "sha512-MhuzNwdURnZ1Cp4XTazr69K0BTizsBroX7Zx3UgDSVcZYKF/6p0CBe4EUb/hLqmzVhl0UpYfgRljQ4yxE+iCxA==",
			"dependencies": {
				"data-uri-to-buffer": "^4.0.0",
				"fetch-blob": "^3.1.4",
				"formdata-polyfill": "^4.0.10"
			},
			"engines": {
				"node": "^12.20.0 || ^14.13.1 || >=16.0.0"
			},
			"funding": {
				"type": "opencollective",
				"url": "https://opencollective.com/node-fetch"
			}
		},
		"node_modules/path-parse": {
			"version": "1.0.7",
			"resolved": "https://registry.npmjs.org/path-parse/-/path-parse-1.0.7.tgz",
			"integrity": "sha512-LDJzPVEEEPR+y48z93A0Ed0yXb8pAByGWo/k5YYdYgpY2/2EsOsksJrq7lOHxryrVOn1ejG6oAp8ahvOIQD8sw==",
			"dev": true
		},
		"node_modules/resolve": {
			"version": "1.22.0",
			"resolved": "https://registry.npmjs.org/resolve/-/resolve-1.22.0.tgz",
			"integrity": "sha512-Hhtrw0nLeSrFQ7phPp4OOcVjLPIeMnRlr5mcnVuMe7M/7eBn98A3hmFRLoFo3DLZkivSYwhRUJTyPyWAk56WLw==",
			"dev": true,
			"dependencies": {
				"is-core-module": "^2.8.1",
				"path-parse": "^1.0.7",
				"supports-preserve-symlinks-flag": "^1.0.0"
			},
			"bin": {
				"resolve": "bin/resolve"
			},
			"funding": {
				"url": "https://github.com/sponsors/ljharb"
			}
		},
		"node_modules/rlp": {
			"version": "3.0.0",
			"resolved": "https://registry.npmjs.org/rlp/-/rlp-3.0.0.tgz",
			"integrity": "sha512-PD6U2PGk6Vq2spfgiWZdomLvRGDreBLxi5jv5M8EpRo3pU6VEm31KO+HFxE18Q3vgqfDrQ9pZA3FP95rkijNKw==",
			"bin": {
				"rlp": "bin/rlp"
			}
		},
		"node_modules/supports-preserve-symlinks-flag": {
			"version": "1.0.0",
			"resolved": "https://registry.npmjs.org/supports-preserve-symlinks-flag/-/supports-preserve-symlinks-flag-1.0.0.tgz",
			"integrity": "sha512-ot0WnXS9fgdkgIcePe6RHNk1WA8+muPa6cSjeR3V8K27q9BB1rTE3R1p7Hv0z1ZyAc8s6Vvv8DIyWf681MAt0w==",
			"dev": true,
			"engines": {
				"node": ">= 0.4"
			},
			"funding": {
				"url": "https://github.com/sponsors/ljharb"
			}
		},
		"node_modules/ts-node": {
			"version": "10.8.1",
			"resolved": "https://registry.npmjs.org/ts-node/-/ts-node-10.8.1.tgz",
			"integrity": "sha512-Wwsnao4DQoJsN034wePSg5nZiw4YKXf56mPIAeD6wVmiv+RytNSWqc2f3fKvcUoV+Yn2+yocD71VOfQHbmVX4g==",
			"dev": true,
			"dependencies": {
				"@cspotcode/source-map-support": "^0.8.0",
				"@tsconfig/node10": "^1.0.7",
				"@tsconfig/node12": "^1.0.7",
				"@tsconfig/node14": "^1.0.0",
				"@tsconfig/node16": "^1.0.2",
				"acorn": "^8.4.1",
				"acorn-walk": "^8.1.1",
				"arg": "^4.1.0",
				"create-require": "^1.1.0",
				"diff": "^4.0.1",
				"make-error": "^1.1.1",
				"v8-compile-cache-lib": "^3.0.1",
				"yn": "3.1.1"
			},
			"bin": {
				"ts-node": "dist/bin.js",
				"ts-node-cwd": "dist/bin-cwd.js",
				"ts-node-esm": "dist/bin-esm.js",
				"ts-node-script": "dist/bin-script.js",
				"ts-node-transpile-only": "dist/bin-transpile.js",
				"ts-script": "dist/bin-script-deprecated.js"
			},
			"peerDependencies": {
				"@swc/core": ">=1.2.50",
				"@swc/wasm": ">=1.2.50",
				"@types/node": "*",
				"typescript": ">=2.7"
			},
			"peerDependenciesMeta": {
				"@swc/core": {
					"optional": true
				},
				"@swc/wasm": {
					"optional": true
				}
			}
		},
		"node_modules/ttypescript": {
			"version": "1.5.13",
			"resolved": "https://registry.npmjs.org/ttypescript/-/ttypescript-1.5.13.tgz",
			"integrity": "sha512-KT/RBfGGlVJFqEI8cVvI3nMsmYcFvPSZh8bU0qX+pAwbi7/ABmYkzn7l/K8skw0xmYjVCoyaV6WLsBQxdadybQ==",
			"dev": true,
			"dependencies": {
				"resolve": ">=1.9.0"
			},
			"bin": {
				"ttsc": "bin/tsc",
				"ttsserver": "bin/tsserver"
			},
			"peerDependencies": {
				"ts-node": ">=8.0.2",
				"typescript": ">=3.2.2"
			}
		},
		"node_modules/typescript": {
			"version": "4.7.3",
			"resolved": "https://registry.npmjs.org/typescript/-/typescript-4.7.3.tgz",
			"integrity": "sha512-WOkT3XYvrpXx4vMMqlD+8R8R37fZkjyLGlxavMc4iB8lrl8L0DeTcHbYgw/v0N/z9wAFsgBhcsF0ruoySS22mA==",
			"dev": true,
			"bin": {
				"tsc": "bin/tsc",
				"tsserver": "bin/tsserver"
			},
			"engines": {
				"node": ">=4.2.0"
			}
		},
		"node_modules/v8-compile-cache-lib": {
			"version": "3.0.1",
			"resolved": "https://registry.npmjs.org/v8-compile-cache-lib/-/v8-compile-cache-lib-3.0.1.tgz",
			"integrity": "sha512-wa7YjyUGfNZngI/vtK0UHAN+lgDCxBPCylVXGp0zu59Fz5aiGtNXaq3DhIov063MorB+VfufLh3JlF2KdTK3xg==",
			"dev": true
		},
		"node_modules/web-streams-polyfill": {
			"version": "3.2.1",
			"resolved": "https://registry.npmjs.org/web-streams-polyfill/-/web-streams-polyfill-3.2.1.tgz",
			"integrity": "sha512-e0MO3wdXWKrLbL0DgGnUV7WHVuw9OUvL4hjgnPkIeEvESk74gAITi5G606JtZPp39cd8HA9VQzCIvA49LpPN5Q==",
			"engines": {
				"node": ">= 8"
			}
		},
		"node_modules/yn": {
			"version": "3.1.1",
			"resolved": "https://registry.npmjs.org/yn/-/yn-3.1.1.tgz",
			"integrity": "sha512-Ux4ygGWsu2c7isFWe8Yu1YluJmqVhxqK2cLXNQA5AcC3QfbGNpM7fu0Y8b/z16pXLnFxZYvWhd3fhBY9DLmC6Q==",
			"dev": true,
			"engines": {
				"node": ">=6"
			}
		}
	},
	"dependencies": {
		"@cspotcode/source-map-support": {
			"version": "0.8.1",
			"resolved": "https://registry.npmjs.org/@cspotcode/source-map-support/-/source-map-support-0.8.1.tgz",
			"integrity": "sha512-IchNf6dN4tHoMFIn/7OE8LWZ19Y6q/67Bmf6vnGREv8RSbBVb9LPJxEcnwrcwX6ixSvaiGoomAUvu4YSxXrVgw==",
			"dev": true,
			"requires": {
				"@jridgewell/trace-mapping": "0.3.9"
			}
		},
		"@jridgewell/resolve-uri": {
			"version": "3.0.7",
			"resolved": "https://registry.npmjs.org/@jridgewell/resolve-uri/-/resolve-uri-3.0.7.tgz",
			"integrity": "sha512-8cXDaBBHOr2pQ7j77Y6Vp5VDT2sIqWyWQ56TjEq4ih/a4iST3dItRe8Q9fp0rrIl9DoKhWQtUQz/YpOxLkXbNA==",
			"dev": true
		},
		"@jridgewell/sourcemap-codec": {
			"version": "1.4.13",
			"resolved": "https://registry.npmjs.org/@jridgewell/sourcemap-codec/-/sourcemap-codec-1.4.13.tgz",
			"integrity": "sha512-GryiOJmNcWbovBxTfZSF71V/mXbgcV3MewDe3kIMCLyIh5e7SKAeUZs+rMnJ8jkMolZ/4/VsdBmMrw3l+VdZ3w==",
			"dev": true
		},
		"@jridgewell/trace-mapping": {
			"version": "0.3.9",
			"resolved": "https://registry.npmjs.org/@jridgewell/trace-mapping/-/trace-mapping-0.3.9.tgz",
			"integrity": "sha512-3Belt6tdc8bPgAtbcmdtNJlirVoTmEb5e2gC94PnkwEW9jI6CAHUeoG85tjWP5WquqfavoMtMwiG4P926ZKKuQ==",
			"dev": true,
			"requires": {
				"@jridgewell/resolve-uri": "^3.0.3",
				"@jridgewell/sourcemap-codec": "^1.4.10"
			}
		},
		"@noble/hashes": {
			"version": "1.1.1",
			"resolved": "https://registry.npmjs.org/@noble/hashes/-/hashes-1.1.1.tgz",
			"integrity": "sha512-Lkp9+NijmV7eSVZqiUvt3UCuuHeJpUVmRrvh430gyJjJiuJMqkeHf6/A9lQ/smmbWV/0spDeJscscPzyB4waZg=="
		},
		"@noble/secp256k1": {
			"version": "1.6.0",
			"resolved": "https://registry.npmjs.org/@noble/secp256k1/-/secp256k1-1.6.0.tgz",
			"integrity": "sha512-DWSsg8zMHOYMYBqIQi96BQuthZrp98LCeMNcUOaffCIVYQ5yxDbNikLF+H7jEnmNNmXbtVic46iCuVWzar+MgA=="
		},
		"@scure/base": {
			"version": "1.1.0",
			"resolved": "https://registry.npmjs.org/@scure/base/-/base-1.1.0.tgz",
			"integrity": "sha512-fJM8qIUzIDvZsWAj8psBGnR7hcTunIYsXI5Ulmj7I/jv9j9oqan/mg/UwB+ucYsA5ppIkBazFmsWdoi0+9qPtA=="
		},
		"@scure/bip32": {
			"version": "1.1.0",
			"resolved": "https://registry.npmjs.org/@scure/bip32/-/bip32-1.1.0.tgz",
			"integrity": "sha512-ftTW3kKX54YXLCxH6BB7oEEoJfoE2pIgw7MINKAs5PsS6nqKPuKk1haTF/EuHmYqG330t5GSrdmtRuHaY1a62Q==",
			"requires": {
				"@noble/hashes": "~1.1.1",
				"@noble/secp256k1": "~1.6.0",
				"@scure/base": "~1.1.0"
			}
		},
		"@scure/bip39": {
			"version": "1.1.0",
			"resolved": "https://registry.npmjs.org/@scure/bip39/-/bip39-1.1.0.tgz",
			"integrity": "sha512-pwrPOS16VeTKg98dYXQyIjJEcWfz7/1YJIwxUEPFfQPtc86Ym/1sVgQ2RLoD43AazMk2l/unK4ITySSpW2+82w==",
			"requires": {
				"@noble/hashes": "~1.1.1",
				"@scure/base": "~1.1.0"
			}
		},
		"@tsconfig/node10": {
			"version": "1.0.9",
			"resolved": "https://registry.npmjs.org/@tsconfig/node10/-/node10-1.0.9.tgz",
			"integrity": "sha512-jNsYVVxU8v5g43Erja32laIDHXeoNvFEpX33OK4d6hljo3jDhCBDhx5dhCCTMWUojscpAagGiRkBKxpdl9fxqA==",
			"dev": true
		},
		"@tsconfig/node12": {
			"version": "1.0.10",
			"resolved": "https://registry.npmjs.org/@tsconfig/node12/-/node12-1.0.10.tgz",
			"integrity": "sha512-N+srakvPaYMGkwjNDx3ASx65Zl3QG8dJgVtIB+YMOkucU+zctlv/hdP5250VKdDHSDoW9PFZoCqbqNcAPjCjXA==",
			"dev": true
		},
		"@tsconfig/node14": {
			"version": "1.0.2",
			"resolved": "https://registry.npmjs.org/@tsconfig/node14/-/node14-1.0.2.tgz",
			"integrity": "sha512-YwrUA5ysDXHFYfL0Xed9x3sNS4P+aKlCOnnbqUa2E5HdQshHFleCJVrj1PlGTb4GgFUCDyte1v3JWLy2sz8Oqg==",
			"dev": true
		},
		"@tsconfig/node16": {
			"version": "1.0.3",
			"resolved": "https://registry.npmjs.org/@tsconfig/node16/-/node16-1.0.3.tgz",
			"integrity": "sha512-yOlFc+7UtL/89t2ZhjPvvB/DeAr3r+Dq58IgzsFkOAvVC6NMJXmCGjbptdXdR9qsX7pKcTL+s87FtYREi2dEEQ==",
			"dev": true
		},
		"@types/node": {
			"version": "17.0.42",
			"resolved": "https://registry.npmjs.org/@types/node/-/node-17.0.42.tgz",
			"integrity": "sha512-Q5BPGyGKcvQgAMbsr7qEGN/kIPN6zZecYYABeTDBizOsau+2NMdSVTar9UQw21A2+JyA2KRNDYaYrPB0Rpk2oQ==",
			"dev": true,
			"peer": true
		},
		"@zoltu/ethereum-abi-encoder": {
			"version": "5.0.4",
			"resolved": "https://registry.npmjs.org/@zoltu/ethereum-abi-encoder/-/ethereum-abi-encoder-5.0.4.tgz",
			"integrity": "sha512-HS9QiyqPinn17YyzHK+HbobCcfEyL5uQ3u4E2V0t5GgkMorJKTDhmoFD8r/Ir2KFZMimgT5SRNEuhLZnDhM3MA=="
		},
		"@zoltu/rlp-encoder": {
			"version": "2.0.6",
			"resolved": "https://registry.npmjs.org/@zoltu/rlp-encoder/-/rlp-encoder-2.0.6.tgz",
			"integrity": "sha512-Cu6bqeavzzWdIdYLhiuWR+RulJnWi0bdZbI+sgm2pGIqdzpkJHO0YxExiwEpFBkWeDEr7mBof26Bh2toTCVBqg=="
		},
		"@zoltu/typescript-transformer-append-js-extension": {
			"version": "1.0.1",
			"resolved": "https://registry.npmjs.org/@zoltu/typescript-transformer-append-js-extension/-/typescript-transformer-append-js-extension-1.0.1.tgz",
			"integrity": "sha512-7Lp30MtJO7YHZW19yJWhkuJrf+Y78COHopeZli7fiWrbIRvodsSXZIa7cFX/c4PFwFJt55N/7Pp/t6VH0fwBVQ==",
			"dev": true
		},
		"acorn": {
			"version": "8.7.1",
			"resolved": "https://registry.npmjs.org/acorn/-/acorn-8.7.1.tgz",
			"integrity": "sha512-Xx54uLJQZ19lKygFXOWsscKUbsBZW0CPykPhVQdhIeIwrbPmJzqeASDInc8nKBnp/JT6igTs82qPXz069H8I/A==",
			"dev": true
		},
		"acorn-walk": {
			"version": "8.2.0",
			"resolved": "https://registry.npmjs.org/acorn-walk/-/acorn-walk-8.2.0.tgz",
			"integrity": "sha512-k+iyHEuPgSw6SbuDpGQM+06HQUa04DZ3o+F6CSzXMvvI5KMvnaEqXe+YVe555R9nn6GPt404fos4wcgpw12SDA==",
			"dev": true
		},
		"arg": {
			"version": "4.1.3",
			"resolved": "https://registry.npmjs.org/arg/-/arg-4.1.3.tgz",
			"integrity": "sha512-58S9QDqG0Xx27YwPSt9fJxivjYl432YCwfDMfZ+71RAqUrZef7LrKQZ3LHLOwCS4FLNBplP533Zx895SeOCHvA==",
			"dev": true
		},
		"create-require": {
			"version": "1.1.1",
			"resolved": "https://registry.npmjs.org/create-require/-/create-require-1.1.1.tgz",
			"integrity": "sha512-dcKFX3jn0MpIaXjisoRvexIJVEKzaq7z2rZKxf+MSr9TkdmHmsU4m2lcLojrj/FHl8mk5VxMmYA+ftRkP/3oKQ==",
			"dev": true
		},
		"data-uri-to-buffer": {
			"version": "4.0.0",
			"resolved": "https://registry.npmjs.org/data-uri-to-buffer/-/data-uri-to-buffer-4.0.0.tgz",
			"integrity": "sha512-Vr3mLBA8qWmcuschSLAOogKgQ/Jwxulv3RNE4FXnYWRGujzrRWQI4m12fQqRkwX06C0KanhLr4hK+GydchZsaA=="
		},
		"diff": {
			"version": "4.0.2",
			"resolved": "https://registry.npmjs.org/diff/-/diff-4.0.2.tgz",
			"integrity": "sha512-58lmxKSA4BNyLz+HHMUzlOEpg09FV+ev6ZMe3vJihgdxzgcwZ8VoEEPmALCZG9LmqfVoNMMKpttIYTVG6uDY7A==",
			"dev": true
		},
		"fetch-blob": {
			"version": "3.1.5",
			"resolved": "https://registry.npmjs.org/fetch-blob/-/fetch-blob-3.1.5.tgz",
			"integrity": "sha512-N64ZpKqoLejlrwkIAnb9iLSA3Vx/kjgzpcDhygcqJ2KKjky8nCgUQ+dzXtbrLaWZGZNmNfQTsiQ0weZ1svglHg==",
			"requires": {
				"node-domexception": "^1.0.0",
				"web-streams-polyfill": "^3.0.3"
			}
		},
		"formdata-polyfill": {
			"version": "4.0.10",
			"resolved": "https://registry.npmjs.org/formdata-polyfill/-/formdata-polyfill-4.0.10.tgz",
			"integrity": "sha512-buewHzMvYL29jdeQTVILecSaZKnt/RJWjoZCF5OW60Z67/GmSLBkOFM7qh1PI3zFNtJbaZL5eQu1vLfazOwj4g==",
			"requires": {
				"fetch-blob": "^3.1.2"
			}
		},
		"function-bind": {
			"version": "1.1.1",
			"resolved": "https://registry.npmjs.org/function-bind/-/function-bind-1.1.1.tgz",
			"integrity": "sha512-yIovAzMX49sF8Yl58fSCWJ5svSLuaibPxXQJFLmBObTuCr0Mf1KiPopGM9NiFjiYBCbfaa2Fh6breQ6ANVTI0A==",
			"dev": true
		},
		"has": {
			"version": "1.0.3",
			"resolved": "https://registry.npmjs.org/has/-/has-1.0.3.tgz",
			"integrity": "sha512-f2dvO0VU6Oej7RkWJGrehjbzMAjFp5/VKPp5tTpWIV4JHHZK1/BxbFRtf/siA2SWTe09caDmVtYYzWEIbBS4zw==",
			"dev": true,
			"requires": {
				"function-bind": "^1.1.1"
			}
		},
		"is-core-module": {
			"version": "2.9.0",
			"resolved": "https://registry.npmjs.org/is-core-module/-/is-core-module-2.9.0.tgz",
			"integrity": "sha512-+5FPy5PnwmO3lvfMb0AsoPaBG+5KHUI0wYFXOtYPnVVVspTFUuMZNfNaNVRt3FZadstu2c8x23vykRW/NBoU6A==",
			"dev": true,
			"requires": {
				"has": "^1.0.3"
			}
		},
		"make-error": {
			"version": "1.3.6",
			"resolved": "https://registry.npmjs.org/make-error/-/make-error-1.3.6.tgz",
			"integrity": "sha512-s8UhlNe7vPKomQhC1qFelMokr/Sc3AgNbso3n74mVPA5LTZwkB9NlXf4XPamLxJE8h0gh73rM94xvwRT2CVInw==",
			"dev": true
		},
		"micro-eth-signer": {
			"version": "0.4.7",
			"resolved": "https://registry.npmjs.org/micro-eth-signer/-/micro-eth-signer-0.4.7.tgz",
			"integrity": "sha512-NU7zZzTdMpKUZrYVDo4AH1YT/bltFXNnqN+5hW32AwsEhFrjM22KT2P+JgBrIPyuegS+GiERk6hYU4Cs7TpkyQ==",
			"requires": {
				"@noble/hashes": "~1.0.0",
				"@noble/secp256k1": "~1.5.2",
				"rlp": "3.0.0"
			},
			"dependencies": {
				"@noble/hashes": {
					"version": "1.0.0",
					"resolved": "https://registry.npmjs.org/@noble/hashes/-/hashes-1.0.0.tgz",
					"integrity": "sha512-DZVbtY62kc3kkBtMHqwCOfXrT/hnoORy5BJ4+HU1IR59X0KWAOqsfzQPcUl/lQLlG7qXbe/fZ3r/emxtAl+sqg=="
				},
				"@noble/secp256k1": {
					"version": "1.5.5",
					"resolved": "https://registry.npmjs.org/@noble/secp256k1/-/secp256k1-1.5.5.tgz",
					"integrity": "sha512-sZ1W6gQzYnu45wPrWx8D3kwI2/U29VYTx9OjbDAd7jwRItJ0cSTMPRL/C8AWZFn9kWFLQGqEXVEE86w4Z8LpIQ=="
				}
			}
		},
		"node-domexception": {
			"version": "1.0.0",
			"resolved": "https://registry.npmjs.org/node-domexception/-/node-domexception-1.0.0.tgz",
			"integrity": "sha512-/jKZoMpw0F8GRwl4/eLROPA3cfcXtLApP0QzLmUT/HuPCZWyB7IY9ZrMeKw2O/nFIqPQB3PVM9aYm0F312AXDQ=="
		},
		"node-fetch": {
			"version": "3.2.10",
			"resolved": "https://registry.npmjs.org/node-fetch/-/node-fetch-3.2.10.tgz",
			"integrity": "sha512-MhuzNwdURnZ1Cp4XTazr69K0BTizsBroX7Zx3UgDSVcZYKF/6p0CBe4EUb/hLqmzVhl0UpYfgRljQ4yxE+iCxA==",
			"requires": {
				"data-uri-to-buffer": "^4.0.0",
				"fetch-blob": "^3.1.4",
				"formdata-polyfill": "^4.0.10"
			}
		},
		"path-parse": {
			"version": "1.0.7",
			"resolved": "https://registry.npmjs.org/path-parse/-/path-parse-1.0.7.tgz",
			"integrity": "sha512-LDJzPVEEEPR+y48z93A0Ed0yXb8pAByGWo/k5YYdYgpY2/2EsOsksJrq7lOHxryrVOn1ejG6oAp8ahvOIQD8sw==",
			"dev": true
		},
		"resolve": {
			"version": "1.22.0",
			"resolved": "https://registry.npmjs.org/resolve/-/resolve-1.22.0.tgz",
			"integrity": "sha512-Hhtrw0nLeSrFQ7phPp4OOcVjLPIeMnRlr5mcnVuMe7M/7eBn98A3hmFRLoFo3DLZkivSYwhRUJTyPyWAk56WLw==",
			"dev": true,
			"requires": {
				"is-core-module": "^2.8.1",
				"path-parse": "^1.0.7",
				"supports-preserve-symlinks-flag": "^1.0.0"
			}
		},
		"rlp": {
			"version": "3.0.0",
			"resolved": "https://registry.npmjs.org/rlp/-/rlp-3.0.0.tgz",
			"integrity": "sha512-PD6U2PGk6Vq2spfgiWZdomLvRGDreBLxi5jv5M8EpRo3pU6VEm31KO+HFxE18Q3vgqfDrQ9pZA3FP95rkijNKw=="
		},
		"supports-preserve-symlinks-flag": {
			"version": "1.0.0",
			"resolved": "https://registry.npmjs.org/supports-preserve-symlinks-flag/-/supports-preserve-symlinks-flag-1.0.0.tgz",
			"integrity": "sha512-ot0WnXS9fgdkgIcePe6RHNk1WA8+muPa6cSjeR3V8K27q9BB1rTE3R1p7Hv0z1ZyAc8s6Vvv8DIyWf681MAt0w==",
			"dev": true
		},
		"ts-node": {
			"version": "10.8.1",
			"resolved": "https://registry.npmjs.org/ts-node/-/ts-node-10.8.1.tgz",
			"integrity": "sha512-Wwsnao4DQoJsN034wePSg5nZiw4YKXf56mPIAeD6wVmiv+RytNSWqc2f3fKvcUoV+Yn2+yocD71VOfQHbmVX4g==",
			"dev": true,
			"requires": {
				"@cspotcode/source-map-support": "^0.8.0",
				"@tsconfig/node10": "^1.0.7",
				"@tsconfig/node12": "^1.0.7",
				"@tsconfig/node14": "^1.0.0",
				"@tsconfig/node16": "^1.0.2",
				"acorn": "^8.4.1",
				"acorn-walk": "^8.1.1",
				"arg": "^4.1.0",
				"create-require": "^1.1.0",
				"diff": "^4.0.1",
				"make-error": "^1.1.1",
				"v8-compile-cache-lib": "^3.0.1",
				"yn": "3.1.1"
			}
		},
		"ttypescript": {
			"version": "1.5.13",
			"resolved": "https://registry.npmjs.org/ttypescript/-/ttypescript-1.5.13.tgz",
			"integrity": "sha512-KT/RBfGGlVJFqEI8cVvI3nMsmYcFvPSZh8bU0qX+pAwbi7/ABmYkzn7l/K8skw0xmYjVCoyaV6WLsBQxdadybQ==",
			"dev": true,
			"requires": {
				"resolve": ">=1.9.0"
			}
		},
		"typescript": {
			"version": "4.7.3",
			"resolved": "https://registry.npmjs.org/typescript/-/typescript-4.7.3.tgz",
			"integrity": "sha512-WOkT3XYvrpXx4vMMqlD+8R8R37fZkjyLGlxavMc4iB8lrl8L0DeTcHbYgw/v0N/z9wAFsgBhcsF0ruoySS22mA==",
			"dev": true
		},
		"v8-compile-cache-lib": {
			"version": "3.0.1",
			"resolved": "https://registry.npmjs.org/v8-compile-cache-lib/-/v8-compile-cache-lib-3.0.1.tgz",
			"integrity": "sha512-wa7YjyUGfNZngI/vtK0UHAN+lgDCxBPCylVXGp0zu59Fz5aiGtNXaq3DhIov063MorB+VfufLh3JlF2KdTK3xg==",
			"dev": true
		},
		"web-streams-polyfill": {
			"version": "3.2.1",
			"resolved": "https://registry.npmjs.org/web-streams-polyfill/-/web-streams-polyfill-3.2.1.tgz",
			"integrity": "sha512-e0MO3wdXWKrLbL0DgGnUV7WHVuw9OUvL4hjgnPkIeEvESk74gAITi5G606JtZPp39cd8HA9VQzCIvA49LpPN5Q=="
		},
		"yn": {
			"version": "3.1.1",
			"resolved": "https://registry.npmjs.org/yn/-/yn-3.1.1.tgz",
			"integrity": "sha512-Ux4ygGWsu2c7isFWe8Yu1YluJmqVhxqK2cLXNQA5AcC3QfbGNpM7fu0Y8b/z16pXLnFxZYvWhd3fhBY9DLmC6Q==",
			"dev": true
		}
	}
}
